// !$*UTF8*$!
{
	archiveVersion = 1;
	classes = {
	};
	objectVersion = 55;
	objects = {

/* Begin PBXBuildFile section */
		B52D6AA72910A5C1002A4A78 /* MidTermRecorded03App.swift in Sources */ = {isa = PBXBuildFile; fileRef = B52D6AA62910A5C1002A4A78 /* MidTermRecorded03App.swift */; };
		B52D6AA92910A5C1002A4A78 /* ContentView.swift in Sources */ = {isa = PBXBuildFile; fileRef = B52D6AA82910A5C1002A4A78 /* ContentView.swift */; };
		B52D6AAB2910A5C3002A4A78 /* Assets.xcassets in Resources */ = {isa = PBXBuildFile; fileRef = B52D6AAA2910A5C3002A4A78 /* Assets.xcassets */; };
		B52D6AAE2910A5C3002A4A78 /* Preview Assets.xcassets in Resources */ = {isa = PBXBuildFile; fileRef = B52D6AAD2910A5C3002A4A78 /* Preview Assets.xcassets */; };
		B52D6AB82910A5C3002A4A78 /* MidTermRecorded03Tests.swift in Sources */ = {isa = PBXBuildFile; fileRef = B52D6AB72910A5C3002A4A78 /* MidTermRecorded03Tests.swift */; };
		B52D6AC22910A5C3002A4A78 /* MidTermRecorded03UITests.swift in Sources */ = {isa = PBXBuildFile; fileRef = B52D6AC12910A5C3002A4A78 /* MidTermRecorded03UITests.swift */; };
		B52D6AC42910A5C3002A4A78 /* MidTermRecorded03UITestsLaunchTests.swift in Sources */ = {isa = PBXBuildFile; fileRef = B52D6AC32910A5C3002A4A78 /* MidTermRecorded03UITestsLaunchTests.swift */; };
/* End PBXBuildFile section */

/* Begin PBXContainerItemProxy section */
		B52D6AB42910A5C3002A4A78 /* PBXContainerItemProxy */ = {
			isa = PBXContainerItemProxy;
			containerPortal = B52D6A9B2910A5C1002A4A78 /* Project object */;
			proxyType = 1;
			remoteGlobalIDString = B52D6AA22910A5C1002A4A78;
			remoteInfo = MidTermRecorded03;
		};
		B52D6ABE2910A5C3002A4A78 /* PBXContainerItemProxy */ = {
			isa = PBXContainerItemProxy;
			containerPortal = B52D6A9B2910A5C1002A4A78 /* Project object */;
			proxyType = 1;
			remoteGlobalIDString = B52D6AA22910A5C1002A4A78;
			remoteInfo = MidTermRecorded03;
		};
/* End PBXContainerItemProxy section */

/* Begin PBXFileReference section */
		B52D6AA32910A5C1002A4A78 /* MidTermRecorded03.app */ = {isa = PBXFileReference; explicitFileType = wrapper.application; includeInIndex = 0; path = MidTermRecorded03.app; sourceTree = BUILT_PRODUCTS_DIR; };
		B52D6AA62910A5C1002A4A78 /* MidTermRecorded03App.swift */ = {isa = PBXFileReference; lastKnownFileType = sourcecode.swift; path = MidTermRecorded03App.swift; sourceTree = "<group>"; };
		B52D6AA82910A5C1002A4A78 /* ContentView.swift */ = {isa = PBXFileReference; lastKnownFileType = sourcecode.swift; path = ContentView.swift; sourceTree = "<group>"; };
		B52D6AAA2910A5C3002A4A78 /* Assets.xcassets */ = {isa = PBXFileReference; lastKnownFileType = folder.assetcatalog; path = Assets.xcassets; sourceTree = "<group>"; };
		B52D6AAD2910A5C3002A4A78 /* Preview Assets.xcassets */ = {isa = PBXFileReference; lastKnownFileType = folder.assetcatalog; path = "Preview Assets.xcassets"; sourceTree = "<group>"; };
		B52D6AB32910A5C3002A4A78 /* MidTermRecorded03Tests.xctest */ = {isa = PBXFileReference; explicitFileType = wrapper.cfbundle; includeInIndex = 0; path = MidTermRecorded03Tests.xctest; sourceTree = BUILT_PRODUCTS_DIR; };
		B52D6AB72910A5C3002A4A78 /* MidTermRecorded03Tests.swift */ = {isa = PBXFileReference; lastKnownFileType = sourcecode.swift; path = MidTermRecorded03Tests.swift; sourceTree = "<group>"; };
		B52D6ABD2910A5C3002A4A78 /* MidTermRecorded03UITests.xctest */ = {isa = PBXFileReference; explicitFileType = wrapper.cfbundle; includeInIndex = 0; path = MidTermRecorded03UITests.xctest; sourceTree = BUILT_PRODUCTS_DIR; };
		B52D6AC12910A5C3002A4A78 /* MidTermRecorded03UITests.swift */ = {isa = PBXFileReference; lastKnownFileType = sourcecode.swift; path = MidTermRecorded03UITests.swift; sourceTree = "<group>"; };
		B52D6AC32910A5C3002A4A78 /* MidTermRecorded03UITestsLaunchTests.swift */ = {isa = PBXFileReference; lastKnownFileType = sourcecode.swift; path = MidTermRecorded03UITestsLaunchTests.swift; sourceTree = "<group>"; };
/* End PBXFileReference section */

/* Begin PBXFrameworksBuildPhase section */
		B52D6AA02910A5C1002A4A78 /* Frameworks */ = {
			isa = PBXFrameworksBuildPhase;
			buildActionMask = 2147483647;
			files = (
			);
			runOnlyForDeploymentPostprocessing = 0;
		};
		B52D6AB02910A5C3002A4A78 /* Frameworks */ = {
			isa = PBXFrameworksBuildPhase;
			buildActionMask = 2147483647;
			files = (
			);
			runOnlyForDeploymentPostprocessing = 0;
		};
		B52D6ABA2910A5C3002A4A78 /* Frameworks */ = {
			isa = PBXFrameworksBuildPhase;
			buildActionMask = 2147483647;
			files = (
			);
			runOnlyForDeploymentPostprocessing = 0;
		};
/* End PBXFrameworksBuildPhase section */

/* Begin PBXGroup section */
		B52D6A9A2910A5C1002A4A78 = {
			isa = PBXGroup;
			children = (
				B52D6AA52910A5C1002A4A78 /* MidTermRecorded03 */,
				B52D6AB62910A5C3002A4A78 /* MidTermRecorded03Tests */,
				B52D6AC02910A5C3002A4A78 /* MidTermRecorded03UITests */,
				B52D6AA42910A5C1002A4A78 /* Products */,
			);
			sourceTree = "<group>";
		};
		B52D6AA42910A5C1002A4A78 /* Products */ = {
			isa = PBXGroup;
			children = (
				B52D6AA32910A5C1002A4A78 /* MidTermRecorded03.app */,
				B52D6AB32910A5C3002A4A78 /* MidTermRecorded03Tests.xctest */,
				B52D6ABD2910A5C3002A4A78 /* MidTermRecorded03UITests.xctest */,
			);
			name = Products;
			sourceTree = "<group>";
		};
		B52D6AA52910A5C1002A4A78 /* MidTermRecorded03 */ = {
			isa = PBXGroup;
			children = (
				B52D6AA62910A5C1002A4A78 /* MidTermRecorded03App.swift */,
				B52D6AA82910A5C1002A4A78 /* ContentView.swift */,
				B52D6AAA2910A5C3002A4A78 /* Assets.xcassets */,
				B52D6AAC2910A5C3002A4A78 /* Preview Content */,
			);
			path = MidTermRecorded03;
			sourceTree = "<group>";
		};
		B52D6AAC2910A5C3002A4A78 /* Preview Content */ = {
			isa = PBXGroup;
			children = (
				B52D6AAD2910A5C3002A4A78 /* Preview Assets.xcassets */,
			);
			path = "Preview Content";
			sourceTree = "<group>";
		};
		B52D6AB62910A5C3002A4A78 /* MidTermRecorded03Tests */ = {
			isa = PBXGroup;
			children = (
				B52D6AB72910A5C3002A4A78 /* MidTermRecorded03Tests.swift */,
			);
			path = MidTermRecorded03Tests;
			sourceTree = "<group>";
		};
		B52D6AC02910A5C3002A4A78 /* MidTermRecorded03UITests */ = {
			isa = PBXGroup;
			children = (
				B52D6AC12910A5C3002A4A78 /* MidTermRecorded03UITests.swift */,
				B52D6AC32910A5C3002A4A78 /* MidTermRecorded03UITestsLaunchTests.swift */,
			);
			path = MidTermRecorded03UITests;
			sourceTree = "<group>";
		};
/* End PBXGroup section */

/* Begin PBXNativeTarget section */
		B52D6AA22910A5C1002A4A78 /* MidTermRecorded03 */ = {
			isa = PBXNativeTarget;
			buildConfigurationList = B52D6AC72910A5C3002A4A78 /* Build configuration list for PBXNativeTarget "MidTermRecorded03" */;
			buildPhases = (
				B52D6A9F2910A5C1002A4A78 /* Sources */,
				B52D6AA02910A5C1002A4A78 /* Frameworks */,
				B52D6AA12910A5C1002A4A78 /* Resources */,
			);
			buildRules = (
			);
			dependencies = (
			);
			name = MidTermRecorded03;
			productName = MidTermRecorded03;
			productReference = B52D6AA32910A5C1002A4A78 /* MidTermRecorded03.app */;
			productType = "com.apple.product-type.application";
		};
		B52D6AB22910A5C3002A4A78 /* MidTermRecorded03Tests */ = {
			isa = PBXNativeTarget;
			buildConfigurationList = B52D6ACA2910A5C3002A4A78 /* Build configuration list for PBXNativeTarget "MidTermRecorded03Tests" */;
			buildPhases = (
				B52D6AAF2910A5C3002A4A78 /* Sources */,
				B52D6AB02910A5C3002A4A78 /* Frameworks */,
				B52D6AB12910A5C3002A4A78 /* Resources */,
			);
			buildRules = (
			);
			dependencies = (
				B52D6AB52910A5C3002A4A78 /* PBXTargetDependency */,
			);
			name = MidTermRecorded03Tests;
			productName = MidTermRecorded03Tests;
			productReference = B52D6AB32910A5C3002A4A78 /* MidTermRecorded03Tests.xctest */;
			productType = "com.apple.product-type.bundle.unit-test";
		};
		B52D6ABC2910A5C3002A4A78 /* MidTermRecorded03UITests */ = {
			isa = PBXNativeTarget;
			buildConfigurationList = B52D6ACD2910A5C3002A4A78 /* Build configuration list for PBXNativeTarget "MidTermRecorded03UITests" */;
			buildPhases = (
				B52D6AB92910A5C3002A4A78 /* Sources */,
				B52D6ABA2910A5C3002A4A78 /* Frameworks */,
				B52D6ABB2910A5C3002A4A78 /* Resources */,
			);
			buildRules = (
			);
			dependencies = (
				B52D6ABF2910A5C3002A4A78 /* PBXTargetDependency */,
			);
			name = MidTermRecorded03UITests;
			productName = MidTermRecorded03UITests;
			productReference = B52D6ABD2910A5C3002A4A78 /* MidTermRecorded03UITests.xctest */;
			productType = "com.apple.product-type.bundle.ui-testing";
		};
/* End PBXNativeTarget section */

/* Begin PBXProject section */
		B52D6A9B2910A5C1002A4A78 /* Project object */ = {
			isa = PBXProject;
			attributes = {
				BuildIndependentTargetsInParallel = 1;
				LastSwiftUpdateCheck = 1340;
				LastUpgradeCheck = 1340;
				TargetAttributes = {
					B52D6AA22910A5C1002A4A78 = {
						CreatedOnToolsVersion = 13.4.1;
					};
					B52D6AB22910A5C3002A4A78 = {
						CreatedOnToolsVersion = 13.4.1;
						TestTargetID = B52D6AA22910A5C1002A4A78;
					};
					B52D6ABC2910A5C3002A4A78 = {
						CreatedOnToolsVersion = 13.4.1;
						TestTargetID = B52D6AA22910A5C1002A4A78;
					};
				};
			};
			buildConfigurationList = B52D6A9E2910A5C1002A4A78 /* Build configuration list for PBXProject "MidTermRecorded03" */;
			compatibilityVersion = "Xcode 13.0";
			developmentRegion = en;
			hasScannedForEncodings = 0;
			knownRegions = (
				en,
				Base,
			);
			mainGroup = B52D6A9A2910A5C1002A4A78;
			productRefGroup = B52D6AA42910A5C1002A4A78 /* Products */;
			projectDirPath = "";
			projectRoot = "";
			targets = (
				B52D6AA22910A5C1002A4A78 /* MidTermRecorded03 */,
				B52D6AB22910A5C3002A4A78 /* MidTermRecorded03Tests */,
				B52D6ABC2910A5C3002A4A78 /* MidTermRecorded03UITests */,
			);
		};
/* End PBXProject section */

/* Begin PBXResourcesBuildPhase section */
		B52D6AA12910A5C1002A4A78 /* Resources */ = {
			isa = PBXResourcesBuildPhase;
			buildActionMask = 2147483647;
			files = (
				B52D6AAE2910A5C3002A4A78 /* Preview Assets.xcassets in Resources */,
				B52D6AAB2910A5C3002A4A78 /* Assets.xcassets in Resources */,
			);
			runOnlyForDeploymentPostprocessing = 0;
		};
		B52D6AB12910A5C3002A4A78 /* Resources */ = {
			isa = PBXResourcesBuildPhase;
			buildActionMask = 2147483647;
			files = (
			);
			runOnlyForDeploymentPostprocessing = 0;
		};
		B52D6ABB2910A5C3002A4A78 /* Resources */ = {
			isa = PBXResourcesBuildPhase;
			buildActionMask = 2147483647;
			files = (
			);
			runOnlyForDeploymentPostprocessing = 0;
		};
/* End PBXResourcesBuildPhase section */

/* Begin PBXSourcesBuildPhase section */
		B52D6A9F2910A5C1002A4A78 /* Sources */ = {
			isa = PBXSourcesBuildPhase;
			buildActionMask = 2147483647;
			files = (
				B52D6AA92910A5C1002A4A78 /* ContentView.swift in Sources */,
				B52D6AA72910A5C1002A4A78 /* MidTermRecorded03App.swift in Sources */,
			);
			runOnlyForDeploymentPostprocessing = 0;
		};
		B52D6AAF2910A5C3002A4A78 /* Sources */ = {
			isa = PBXSourcesBuildPhase;
			buildActionMask = 2147483647;
			files = (
				B52D6AB82910A5C3002A4A78 /* MidTermRecorded03Tests.swift in Sources */,
			);
			runOnlyForDeploymentPostprocessing = 0;
		};
		B52D6AB92910A5C3002A4A78 /* Sources */ = {
			isa = PBXSourcesBuildPhase;
			buildActionMask = 2147483647;
			files = (
				B52D6AC42910A5C3002A4A78 /* MidTermRecorded03UITestsLaunchTests.swift in Sources */,
				B52D6AC22910A5C3002A4A78 /* MidTermRecorded03UITests.swift in Sources */,
			);
			runOnlyForDeploymentPostprocessing = 0;
		};
/* End PBXSourcesBuildPhase section */

/* Begin PBXTargetDependency section */
		B52D6AB52910A5C3002A4A78 /* PBXTargetDependency */ = {
			isa = PBXTargetDependency;
			target = B52D6AA22910A5C1002A4A78 /* MidTermRecorded03 */;
			targetProxy = B52D6AB42910A5C3002A4A78 /* PBXContainerItemProxy */;
		};
		B52D6ABF2910A5C3002A4A78 /* PBXTargetDependency */ = {
			isa = PBXTargetDependency;
			target = B52D6AA22910A5C1002A4A78 /* MidTermRecorded03 */;
			targetProxy = B52D6ABE2910A5C3002A4A78 /* PBXContainerItemProxy */;
		};
/* End PBXTargetDependency section */

/* Begin XCBuildConfiguration section */
		B52D6AC52910A5C3002A4A78 /* Debug */ = {
			isa = XCBuildConfiguration;
			buildSettings = {
				ALWAYS_SEARCH_USER_PATHS = NO;
				CLANG_ANALYZER_NONNULL = YES;
				CLANG_ANALYZER_NUMBER_OBJECT_CONVERSION = YES_AGGRESSIVE;
				CLANG_CXX_LANGUAGE_STANDARD = "gnu++17";
				CLANG_ENABLE_MODULES = YES;
				CLANG_ENABLE_OBJC_ARC = YES;
				CLANG_ENABLE_OBJC_WEAK = YES;
				CLANG_WARN_BLOCK_CAPTURE_AUTORELEASING = YES;
				CLANG_WARN_BOOL_CONVERSION = YES;
				CLANG_WARN_COMMA = YES;
				CLANG_WARN_CONSTANT_CONVERSION = YES;
				CLANG_WARN_DEPRECATED_OBJC_IMPLEMENTATIONS = YES;
				CLANG_WARN_DIRECT_OBJC_ISA_USAGE = YES_ERROR;
				CLANG_WARN_DOCUMENTATION_COMMENTS = YES;
				CLANG_WARN_EMPTY_BODY = YES;
				CLANG_WARN_ENUM_CONVERSION = YES;
				CLANG_WARN_INFINITE_RECURSION = YES;
				CLANG_WARN_INT_CONVERSION = YES;
				CLANG_WARN_NON_LITERAL_NULL_CONVERSION = YES;
				CLANG_WARN_OBJC_IMPLICIT_RETAIN_SELF = YES;
				CLANG_WARN_OBJC_LITERAL_CONVERSION = YES;
				CLANG_WARN_OBJC_ROOT_CLASS = YES_ERROR;
				CLANG_WARN_QUOTED_INCLUDE_IN_FRAMEWORK_HEADER = YES;
				CLANG_WARN_RANGE_LOOP_ANALYSIS = YES;
				CLANG_WARN_STRICT_PROTOTYPES = YES;
				CLANG_WARN_SUSPICIOUS_MOVE = YES;
				CLANG_WARN_UNGUARDED_AVAILABILITY = YES_AGGRESSIVE;
				CLANG_WARN_UNREACHABLE_CODE = YES;
				CLANG_WARN__DUPLICATE_METHOD_MATCH = YES;
				COPY_PHASE_STRIP = NO;
				DEBUG_INFORMATION_FORMAT = dwarf;
				ENABLE_STRICT_OBJC_MSGSEND = YES;
				ENABLE_TESTABILITY = YES;
				GCC_C_LANGUAGE_STANDARD = gnu11;
				GCC_DYNAMIC_NO_PIC = NO;
				GCC_NO_COMMON_BLOCKS = YES;
				GCC_OPTIMIZATION_LEVEL = 0;
				GCC_PREPROCESSOR_DEFINITIONS = (
					"DEBUG=1",
					"$(inherited)",
				);
				GCC_WARN_64_TO_32_BIT_CONVERSION = YES;
				GCC_WARN_ABOUT_RETURN_TYPE = YES_ERROR;
				GCC_WARN_UNDECLARED_SELECTOR = YES;
				GCC_WARN_UNINITIALIZED_AUTOS = YES_AGGRESSIVE;
				GCC_WARN_UNUSED_FUNCTION = YES;
				GCC_WARN_UNUSED_VARIABLE = YES;
				IPHONEOS_DEPLOYMENT_TARGET = 15.5;
				MTL_ENABLE_DEBUG_INFO = INCLUDE_SOURCE;
				MTL_FAST_MATH = YES;
				ONLY_ACTIVE_ARCH = YES;
				SDKROOT = iphoneos;
				SWIFT_ACTIVE_COMPILATION_CONDITIONS = DEBUG;
				SWIFT_OPTIMIZATION_LEVEL = "-Onone";
			};
			name = Debug;
		};
		B52D6AC62910A5C3002A4A78 /* Release */ = {
			isa = XCBuildConfiguration;
			buildSettings = {
				ALWAYS_SEARCH_USER_PATHS = NO;
				CLANG_ANALYZER_NONNULL = YES;
				CLANG_ANALYZER_NUMBER_OBJECT_CONVERSION = YES_AGGRESSIVE;
				CLANG_CXX_LANGUAGE_STANDARD = "gnu++17";
				CLANG_ENABLE_MODULES = YES;
				CLANG_ENABLE_OBJC_ARC = YES;
				CLANG_ENABLE_OBJC_WEAK = YES;
				CLANG_WARN_BLOCK_CAPTURE_AUTORELEASING = YES;
				CLANG_WARN_BOOL_CONVERSION = YES;
				CLANG_WARN_COMMA = YES;
				CLANG_WARN_CONSTANT_CONVERSION = YES;
				CLANG_WARN_DEPRECATED_OBJC_IMPLEMENTATIONS = YES;
				CLANG_WARN_DIRECT_OBJC_ISA_USAGE = YES_ERROR;
				CLANG_WARN_DOCUMENTATION_COMMENTS = YES;
				CLANG_WARN_EMPTY_BODY = YES;
				CLANG_WARN_ENUM_CONVERSION = YES;
				CLANG_WARN_INFINITE_RECURSION = YES;
				CLANG_WARN_INT_CONVERSION = YES;
				CLANG_WARN_NON_LITERAL_NULL_CONVERSION = YES;
				CLANG_WARN_OBJC_IMPLICIT_RETAIN_SELF = YES;
				CLANG_WARN_OBJC_LITERAL_CONVERSION = YES;
				CLANG_WARN_OBJC_ROOT_CLASS = YES_ERROR;
				CLANG_WARN_QUOTED_INCLUDE_IN_FRAMEWORK_HEADER = YES;
				CLANG_WARN_RANGE_LOOP_ANALYSIS = YES;
				CLANG_WARN_STRICT_PROTOTYPES = YES;
				CLANG_WARN_SUSPICIOUS_MOVE = YES;
				CLANG_WARN_UNGUARDED_AVAILABILITY = YES_AGGRESSIVE;
				CLANG_WARN_UNREACHABLE_CODE = YES;
				CLANG_WARN__DUPLICATE_METHOD_MATCH = YES;
				COPY_PHASE_STRIP = NO;
				DEBUG_INFORMATION_FORMAT = "dwarf-with-dsym";
				ENABLE_NS_ASSERTIONS = NO;
				ENABLE_STRICT_OBJC_MSGSEND = YES;
				GCC_C_LANGUAGE_STANDARD = gnu11;
				GCC_NO_COMMON_BLOCKS = YES;
				GCC_WARN_64_TO_32_BIT_CONVERSION = YES;
				GCC_WARN_ABOUT_RETURN_TYPE = YES_ERROR;
				GCC_WARN_UNDECLARED_SELECTOR = YES;
				GCC_WARN_UNINITIALIZED_AUTOS = YES_AGGRESSIVE;
				GCC_WARN_UNUSED_FUNCTION = YES;
				GCC_WARN_UNUSED_VARIABLE = YES;
				IPHONEOS_DEPLOYMENT_TARGET = 15.5;
				MTL_ENABLE_DEBUG_INFO = NO;
				MTL_FAST_MATH = YES;
				SDKROOT = iphoneos;
				SWIFT_COMPILATION_MODE = wholemodule;
				SWIFT_OPTIMIZATION_LEVEL = "-O";
				VALIDATE_PRODUCT = YES;
			};
			name = Release;
		};
		B52D6AC82910A5C3002A4A78 /* Debug */ = {
			isa = XCBuildConfiguration;
			buildSettings = {
				ASSETCATALOG_COMPILER_APPICON_NAME = AppIcon;
				ASSETCATALOG_COMPILER_GLOBAL_ACCENT_COLOR_NAME = AccentColor;
				CODE_SIGN_STYLE = Automatic;
				CURRENT_PROJECT_VERSION = 1;
				DEVELOPMENT_ASSET_PATHS = "\"MidTermRecorded03/Preview Content\"";
				DEVELOPMENT_TEAM = RY2W95Z4GF;
				ENABLE_PREVIEWS = YES;
				GENERATE_INFOPLIST_FILE = YES;
				INFOPLIST_KEY_UIApplicationSceneManifest_Generation = YES;
				INFOPLIST_KEY_UIApplicationSupportsIndirectInputEvents = YES;
				INFOPLIST_KEY_UILaunchScreen_Generation = YES;
				INFOPLIST_KEY_UISupportedInterfaceOrientations_iPad = "UIInterfaceOrientationPortrait UIInterfaceOrientationPortraitUpsideDown UIInterfaceOrientationLandscapeLeft UIInterfaceOrientationLandscapeRight";
				INFOPLIST_KEY_UISupportedInterfaceOrientations_iPhone = "UIInterfaceOrientationPortrait UIInterfaceOrientationLandscapeLeft UIInterfaceOrientationLandscapeRight";
				LD_RUNPATH_SEARCH_PATHS = (
					"$(inherited)",
					"@executable_path/Frameworks",
				);
				MARKETING_VERSION = 1.0;
				PRODUCT_BUNDLE_IDENTIFIER = sfsu.MidTermRecorded03;
				PRODUCT_NAME = "$(TARGET_NAME)";
				SWIFT_EMIT_LOC_STRINGS = YES;
				SWIFT_VERSION = 5.0;
				TARGETED_DEVICE_FAMILY = "1,2";
			};
			name = Debug;
		};
		B52D6AC92910A5C3002A4A78 /* Release */ = {
			isa = XCBuildConfiguration;
			buildSettings = {
				ASSETCATALOG_COMPILER_APPICON_NAME = AppIcon;
				ASSETCATALOG_COMPILER_GLOBAL_ACCENT_COLOR_NAME = AccentColor;
				CODE_SIGN_STYLE = Automatic;
				CURRENT_PROJECT_VERSION = 1;
				DEVELOPMENT_ASSET_PATHS = "\"MidTermRecorded03/Preview Content\"";
				DEVELOPMENT_TEAM = RY2W95Z4GF;
				ENABLE_PREVIEWS = YES;
				GENERATE_INFOPLIST_FILE = YES;
				INFOPLIST_KEY_UIApplicationSceneManifest_Generation = YES;
				INFOPLIST_KEY_UIApplicationSupportsIndirectInputEvents = YES;
				INFOPLIST_KEY_UILaunchScreen_Generation = YES;
				INFOPLIST_KEY_UISupportedInterfaceOrientations_iPad = "UIInterfaceOrientationPortrait UIInterfaceOrientationPortraitUpsideDown UIInterfaceOrientationLandscapeLeft UIInterfaceOrientationLandscapeRight";
				INFOPLIST_KEY_UISupportedInterfaceOrientations_iPhone = "UIInterfaceOrientationPortrait UIInterfaceOrientationLandscapeLeft UIInterfaceOrientationLandscapeRight";
				LD_RUNPATH_SEARCH_PATHS = (
					"$(inherited)",
					"@executable_path/Frameworks",
				);
				MARKETING_VERSION = 1.0;
				PRODUCT_BUNDLE_IDENTIFIER = sfsu.MidTermRecorded03;
				PRODUCT_NAME = "$(TARGET_NAME)";
				SWIFT_EMIT_LOC_STRINGS = YES;
				SWIFT_VERSION = 5.0;
				TARGETED_DEVICE_FAMILY = "1,2";
			};
			name = Release;
		};
		B52D6ACB2910A5C3002A4A78 /* Debug */ = {
			isa = XCBuildConfiguration;
			buildSettings = {
				ALWAYS_EMBED_SWIFT_STANDARD_LIBRARIES = YES;
				BUNDLE_LOADER = "$(TEST_HOST)";
				CODE_SIGN_STYLE = Automatic;
				CURRENT_PROJECT_VERSION = 1;
				DEVELOPMENT_TEAM = RY2W95Z4GF;
				GENERATE_INFOPLIST_FILE = YES;
				IPHONEOS_DEPLOYMENT_TARGET = 15.5;
				MARKETING_VERSION = 1.0;
				PRODUCT_BUNDLE_IDENTIFIER = sfsu.MidTermRecorded03Tests;
				PRODUCT_NAME = "$(TARGET_NAME)";
				SWIFT_EMIT_LOC_STRINGS = NO;
				SWIFT_VERSION = 5.0;
				TARGETED_DEVICE_FAMILY = "1,2";
				TEST_HOST = "$(BUILT_PRODUCTS_DIR)/MidTermRecorded03.app/MidTermRecorded03";
			};
			name = Debug;
		};
		B52D6ACC2910A5C3002A4A78 /* Release */ = {
			isa = XCBuildConfiguration;
			buildSettings = {
				ALWAYS_EMBED_SWIFT_STANDARD_LIBRARIES = YES;
				BUNDLE_LOADER = "$(TEST_HOST)";
				CODE_SIGN_STYLE = Automatic;
				CURRENT_PROJECT_VERSION = 1;
				DEVELOPMENT_TEAM = RY2W95Z4GF;
				GENERATE_INFOPLIST_FILE = YES;
				IPHONEOS_DEPLOYMENT_TARGET = 15.5;
				MARKETING_VERSION = 1.0;
				PRODUCT_BUNDLE_IDENTIFIER = sfsu.MidTermRecorded03Tests;
				PRODUCT_NAME = "$(TARGET_NAME)";
				SWIFT_EMIT_LOC_STRINGS = NO;
				SWIFT_VERSION = 5.0;
				TARGETED_DEVICE_FAMILY = "1,2";
				TEST_HOST = "$(BUILT_PRODUCTS_DIR)/MidTermRecorded03.app/MidTermRecorded03";
			};
			name = Release;
		};
		B52D6ACE2910A5C3002A4A78 /* Debug */ = {
			isa = XCBuildConfiguration;
			buildSettings = {
				ALWAYS_EMBED_SWIFT_STANDARD_LIBRARIES = YES;
				CODE_SIGN_STYLE = Automatic;
				CURRENT_PROJECT_VERSION = 1;
				DEVELOPMENT_TEAM = RY2W95Z4GF;
				GENERATE_INFOPLIST_FILE = YES;
				MARKETING_VERSION = 1.0;
				PRODUCT_BUNDLE_IDENTIFIER = sfsu.MidTermRecorded03UITests;
				PRODUCT_NAME = "$(TARGET_NAME)";
				SWIFT_EMIT_LOC_STRINGS = NO;
				SWIFT_VERSION = 5.0;
				TARGETED_DEVICE_FAMILY = "1,2";
				TEST_TARGET_NAME = MidTermRecorded03;
			};
			name = Debug;
		};
		B52D6ACF2910A5C3002A4A78 /* Release */ = {
			isa = XCBuildConfiguration;
			buildSettings = {
				ALWAYS_EMBED_SWIFT_STANDARD_LIBRARIES = YES;
				CODE_SIGN_STYLE = Automatic;
				CURRENT_PROJECT_VERSION = 1;
				DEVELOPMENT_TEAM = RY2W95Z4GF;
				GENERATE_INFOPLIST_FILE = YES;
				MARKETING_VERSION = 1.0;
				PRODUCT_BUNDLE_IDENTIFIER = sfsu.MidTermRecorded03UITests;
				PRODUCT_NAME = "$(TARGET_NAME)";
				SWIFT_EMIT_LOC_STRINGS = NO;
				SWIFT_VERSION = 5.0;
				TARGETED_DEVICE_FAMILY = "1,2";
				TEST_TARGET_NAME = MidTermRecorded03;
			};
			name = Release;
		};
/* End XCBuildConfiguration section */

/* Begin XCConfigurationList section */
		B52D6A9E2910A5C1002A4A78 /* Build configuration list for PBXProject "MidTermRecorded03" */ = {
			isa = XCConfigurationList;
			buildConfigurations = (
				B52D6AC52910A5C3002A4A78 /* Debug */,
				B52D6AC62910A5C3002A4A78 /* Release */,
			);
			defaultConfigurationIsVisible = 0;
			defaultConfigurationName = Release;
		};
		B52D6AC72910A5C3002A4A78 /* Build configuration list for PBXNativeTarget "MidTermRecorded03" */ = {
			isa = XCConfigurationList;
			buildConfigurations = (
				B52D6AC82910A5C3002A4A78 /* Debug */,
				B52D6AC92910A5C3002A4A78 /* Release */,
			);
			defaultConfigurationIsVisible = 0;
			defaultConfigurationName = Release;
		};
		B52D6ACA2910A5C3002A4A78 /* Build configuration list for PBXNativeTarget "MidTermRecorded03Tests" */ = {
			isa = XCConfigurationList;
			buildConfigurations = (
				B52D6ACB2910A5C3002A4A78 /* Debug */,
				B52D6ACC2910A5C3002A4A78 /* Release */,
			);
			defaultConfigurationIsVisible = 0;
			defaultConfigurationName = Release;
		};
		B52D6ACD2910A5C3002A4A78 /* Build configuration list for PBXNativeTarget "MidTermRecorded03UITests" */ = {
			isa = XCConfigurationList;
			buildConfigurations = (
				B52D6ACE2910A5C3002A4A78 /* Debug */,
				B52D6ACF2910A5C3002A4A78 /* Release */,
			);
			defaultConfigurationIsVisible = 0;
			defaultConfigurationName = Release;
		};
/* End XCConfigurationList section */
	};
	rootObject = B52D6A9B2910A5C1002A4A78 /* Project object */;
}
